
Microsoft Visual Studio Solution File, Format Version 12.00
# Visual Studio Version 17
VisualStudioVersion = 17.14.36414.22 d17.14
MinimumVisualStudioVersion = 10.0.40219.1
Project("{FAE04EC0-301F-11D3-BF4B-00C04F79EFBC}") = "ICESatTools", "ICESatTools.csproj", "{96D52471-1F98-4A90-A758-1C728697A62A}"
EndProject
Global
	GlobalSection(SolutionConfigurationPlatforms) = preSolution
		Debug|Any CPU = Debug|Any CPU
		Release|Any CPU = Release|Any CPU
	EndGlobalSection
	GlobalSection(ProjectConfigurationPlatforms) = postSolution
		{96D52471-1F98-4A90-A758-1C728697A62A}.Debug|Any CPU.ActiveCfg = Debug|Any CPU
		{96D52471-1F98-4A90-A758-1C728697A62A}.Debug|Any CPU.Build.0 = Debug|Any CPU
		{96D52471-1F98-4A90-A758-1C728697A62A}.Release|Any CPU.ActiveCfg = Release|Any CPU
		{96D52471-1F98-4A90-A758-1C728697A62A}.Release|Any CPU.Build.0 = Release|Any CPU
	EndGlobalSection
	GlobalSection(SolutionProperties) = preSolution
		HideSolutionNode = FALSE
	EndGlobalSection
	GlobalSection(ExtensibilityGlobals) = postSolution
		SolutionGuid = {B0E7F123-C9D0-4878-8C21-DE7B4D781BA7}
	EndGlobalSection
EndGlobal
